github.com/ruhorh66-rgb/air-modules v0.0.0-20261005044632-2ca7e731607e h1:3WIdj6UAYp3vkna3Hh5x/dyZ7/XaxgmsAppmgevoZ4o=
github.com/ruhorh66-rgb/air-modules v0.0.0-20261005044632-2ca7e731607e/go.mod h1:fBP+eDXWyyf5R1rRo+Pnczg8zJZZ3r0sRfqJoplCQ00=
github.com/ruhorh66-rgb/air-modules v0.0.0-20261008093517-4e63a5204f60 h1:3BiPoNG6qSILN1/ybEGj2kv195h60w9xHi/+qQ9yjSw=
github.com/ruhorh66-rgb/air-modules v0.0.0-20261008093517-4e63a5204f60/go.mod h1:fBP+eDXWyyf5R1rRo+Pnczg8zJZZ3r0sRfqJoplCQ00=
github.com/ruhorh66-rgb/air-modules v0.0.0-20261008120931-5d1448af31bf h1:78UK/NLhqkEIrTYj16L7yQqItFztSf614vct6zuW9Og=
github.com/ruhorh66-rgb/air-modules v0.0.0-20261008120931-5d1448af31bf/go.mod h1:fBP+eDXWyyf5R1rRo+Pnczg8zJZZ3r0sRfqJoplCQ00=
github.com/ruhorh66-rgb/air-modules v0.0.0-20261008121622-bd9a162fed09 h1:K24kKKFdmHWFaqOZerNIrKnNQ+mR30GZeAddqhIXWFI=
github.com/ruhorh66-rgb/air-modules v0.0.0-20261008121622-bd9a162fed09/go.mod h1:fBP+eDXWyyf5R1rRo+Pnczg8zJZZ3r0sRfqJoplCQ00=
